
Microsoft Visual Studio Solution File, Format Version 12.00
# Visual Studio Version 17
VisualStudioVersion = 17.4.33213.308
MinimumVisualStudioVersion = 10.0.40219.1
Project("{FAE04EC0-301F-11D3-BF4B-00C04F79EFBC}") = "NewsAgenciesAPI", "NewsAgenciesAPI\NewsAgenciesAPI.csproj", "{3E92A352-308A-489A-8736-62C9AA00A008}"
EndProject
Global
	GlobalSection(SolutionConfigurationPlatforms) = preSolution
		Debug|Any CPU = Debug|Any CPU
		Release|Any CPU = Release|Any CPU
	EndGlobalSection
	GlobalSection(ProjectConfigurationPlatforms) = postSolution
		{3E92A352-308A-489A-8736-62C9AA00A008}.Debug|Any CPU.ActiveCfg = Debug|Any CPU
		{3E92A352-308A-489A-8736-62C9AA00A008}.Debug|Any CPU.Build.0 = Debug|Any CPU
		{3E92A352-308A-489A-8736-62C9AA00A008}.Release|Any CPU.ActiveCfg = Release|Any CPU
		{3E92A352-308A-489A-8736-62C9AA00A008}.Release|Any CPU.Build.0 = Release|Any CPU
	EndGlobalSection
	GlobalSection(SolutionProperties) = preSolution
		HideSolutionNode = FALSE
	EndGlobalSection
	GlobalSection(ExtensibilityGlobals) = postSolution
		SolutionGuid = {DF4A8328-AB4D-4646-9CF5-932B745BBFAD}
	EndGlobalSection
EndGlobal
